
Microsoft Visual Studio Solution File, Format Version 12.00
# Visual Studio Version 17
VisualStudioVersion = 17.11.35312.102
MinimumVisualStudioVersion = 10.0.40219.1
Project("{FAE04EC0-301F-11D3-BF4B-00C04F79EFBC}") = "GPTView", "GPTView\GPTView.csproj", "{ED9327FE-A12F-44D9-9F16-EE3BBD674699}"
EndProject
Global
	GlobalSection(SolutionConfigurationPlatforms) = preSolution
		Debug|Any CPU = Debug|Any CPU
		Release|Any CPU = Release|Any CPU
	EndGlobalSection
	GlobalSection(ProjectConfigurationPlatforms) = postSolution
		{ED9327FE-A12F-44D9-9F16-EE3BBD674699}.Debug|Any CPU.ActiveCfg = Debug|Any CPU
		{ED9327FE-A12F-44D9-9F16-EE3BBD674699}.Debug|Any CPU.Build.0 = Debug|Any CPU
		{ED9327FE-A12F-44D9-9F16-EE3BBD674699}.Release|Any CPU.ActiveCfg = Release|Any CPU
		{ED9327FE-A12F-44D9-9F16-EE3BBD674699}.Release|Any CPU.Build.0 = Release|Any CPU
	EndGlobalSection
	GlobalSection(SolutionProperties) = preSolution
		HideSolutionNode = FALSE
	EndGlobalSection
	GlobalSection(ExtensibilityGlobals) = postSolution
		SolutionGuid = {0D96C8DA-8D20-4EC5-B570-1B60E9670EA1}
	EndGlobalSection
EndGlobal
